
Microsoft Visual Studio Solution File, Format Version 12.00
Project("{FAE04EC0-301F-11D3-BF4B-00C04F79EFBC}") = "KthLargestElementInStream", "KthLargestElementInStream/KthLargestElementInStream.csproj", "{28687B2A-5584-4DE2-825B-C95A31D4E2B9}"
EndProject
Project("{FAE04EC0-301F-11D3-BF4B-00C04F79EFBC}") = "LRU-Cache", "LRU-Cache\LRU-Cache.csproj", "{323F5591-8C69-4D93-A461-258EA5C063CB}"
EndProject
Project("{FAE04EC0-301F-11D3-BF4B-00C04F79EFBC}") = "MergeIntervals", "MergeIntervals\MergeIntervals.csproj", "{C3ED044F-0D33-41CC-99AE-EC3A40C5DE11}"
EndProject
Project("{FAE04EC0-301F-11D3-BF4B-00C04F79EFBC}") = "TopKFrequentElements", "TopKFrequentElements\TopKFrequentElements.csproj", "{1CB7503C-33FE-406E-8E5C-0E01A540C904}"
EndProject
Project("{FAE04EC0-301F-11D3-BF4B-00C04F79EFBC}") = "BinaryTreeLevelOrderTraversal", "BinaryTreeLevelOrderTraversal\BinaryTreeLevelOrderTraversal.csproj", "{9759FC0D-E035-40D0-8766-6AECDE835DFF}"
EndProject
Project("{FAE04EC0-301F-11D3-BF4B-00C04F79EFBC}") = "FindCycleInLinkedList", "FindCycleInLinkedList\FindCycleInLinkedList.csproj", "{17B123A6-4CC9-4EC6-9755-5173E81CC310}"
EndProject
Project("{FAE04EC0-301F-11D3-BF4B-00C04F79EFBC}") = "ProducerConsumerMultithreaded", "ProducerConsumerMultithreaded\ProducerConsumerMultithreaded.csproj", "{49BC2ED4-71E4-4EC1-B81C-787B01A81465}"
EndProject
Project("{FAE04EC0-301F-11D3-BF4B-00C04F79EFBC}") = "StrategyDesignPattern", "StrategyDesignPattern\StrategyDesignPattern.csproj", "{73F2A1F3-C737-4BEE-97CF-8572B07DBD48}"
EndProject
Project("{FAE04EC0-301F-11D3-BF4B-00C04F79EFBC}") = "ObserverDesignPattern", "ObserverDesignPattern\ObserverDesignPattern.csproj", "{BD61D02D-A623-4A8A-BDF9-79CEE198C483}"
EndProject
Project("{FAE04EC0-301F-11D3-BF4B-00C04F79EFBC}") = "DecoratorDesignPattern", "DecoratorDesignPattern\DecoratorDesignPattern.csproj", "{205802EE-70B5-4175-B4FE-180B8C366894}"
EndProject
Project("{FAE04EC0-301F-11D3-BF4B-00C04F79EFBC}") = "FactoryDesignPattern", "FactoryDesignPattern\FactoryDesignPattern.csproj", "{6F3DA993-C34E-4C7E-AB06-6509AFF1BB9C}"
EndProject
Global
	GlobalSection(SolutionConfigurationPlatforms) = preSolution
		Debug|Any CPU = Debug|Any CPU
		Release|Any CPU = Release|Any CPU
	EndGlobalSection
	GlobalSection(ProjectConfigurationPlatforms) = postSolution
		{28687B2A-5584-4DE2-825B-C95A31D4E2B9}.Debug|Any CPU.ActiveCfg = Debug|Any CPU
		{28687B2A-5584-4DE2-825B-C95A31D4E2B9}.Debug|Any CPU.Build.0 = Debug|Any CPU
		{28687B2A-5584-4DE2-825B-C95A31D4E2B9}.Release|Any CPU.ActiveCfg = Release|Any CPU
		{28687B2A-5584-4DE2-825B-C95A31D4E2B9}.Release|Any CPU.Build.0 = Release|Any CPU
		{323F5591-8C69-4D93-A461-258EA5C063CB}.Debug|Any CPU.ActiveCfg = Debug|Any CPU
		{323F5591-8C69-4D93-A461-258EA5C063CB}.Debug|Any CPU.Build.0 = Debug|Any CPU
		{323F5591-8C69-4D93-A461-258EA5C063CB}.Release|Any CPU.ActiveCfg = Release|Any CPU
		{323F5591-8C69-4D93-A461-258EA5C063CB}.Release|Any CPU.Build.0 = Release|Any CPU
		{C3ED044F-0D33-41CC-99AE-EC3A40C5DE11}.Debug|Any CPU.ActiveCfg = Debug|Any CPU
		{C3ED044F-0D33-41CC-99AE-EC3A40C5DE11}.Debug|Any CPU.Build.0 = Debug|Any CPU
		{C3ED044F-0D33-41CC-99AE-EC3A40C5DE11}.Release|Any CPU.ActiveCfg = Release|Any CPU
		{C3ED044F-0D33-41CC-99AE-EC3A40C5DE11}.Release|Any CPU.Build.0 = Release|Any CPU
		{1CB7503C-33FE-406E-8E5C-0E01A540C904}.Debug|Any CPU.ActiveCfg = Debug|Any CPU
		{1CB7503C-33FE-406E-8E5C-0E01A540C904}.Debug|Any CPU.Build.0 = Debug|Any CPU
		{1CB7503C-33FE-406E-8E5C-0E01A540C904}.Release|Any CPU.ActiveCfg = Release|Any CPU
		{1CB7503C-33FE-406E-8E5C-0E01A540C904}.Release|Any CPU.Build.0 = Release|Any CPU
		{9759FC0D-E035-40D0-8766-6AECDE835DFF}.Debug|Any CPU.ActiveCfg = Debug|Any CPU
		{9759FC0D-E035-40D0-8766-6AECDE835DFF}.Debug|Any CPU.Build.0 = Debug|Any CPU
		{9759FC0D-E035-40D0-8766-6AECDE835DFF}.Release|Any CPU.ActiveCfg = Release|Any CPU
		{9759FC0D-E035-40D0-8766-6AECDE835DFF}.Release|Any CPU.Build.0 = Release|Any CPU
		{17B123A6-4CC9-4EC6-9755-5173E81CC310}.Debug|Any CPU.ActiveCfg = Debug|Any CPU
		{17B123A6-4CC9-4EC6-9755-5173E81CC310}.Debug|Any CPU.Build.0 = Debug|Any CPU
		{17B123A6-4CC9-4EC6-9755-5173E81CC310}.Release|Any CPU.ActiveCfg = Release|Any CPU
		{17B123A6-4CC9-4EC6-9755-5173E81CC310}.Release|Any CPU.Build.0 = Release|Any CPU
		{49BC2ED4-71E4-4EC1-B81C-787B01A81465}.Debug|Any CPU.ActiveCfg = Debug|Any CPU
		{49BC2ED4-71E4-4EC1-B81C-787B01A81465}.Debug|Any CPU.Build.0 = Debug|Any CPU
		{49BC2ED4-71E4-4EC1-B81C-787B01A81465}.Release|Any CPU.ActiveCfg = Release|Any CPU
		{49BC2ED4-71E4-4EC1-B81C-787B01A81465}.Release|Any CPU.Build.0 = Release|Any CPU
		{73F2A1F3-C737-4BEE-97CF-8572B07DBD48}.Debug|Any CPU.ActiveCfg = Debug|Any CPU
		{73F2A1F3-C737-4BEE-97CF-8572B07DBD48}.Debug|Any CPU.Build.0 = Debug|Any CPU
		{73F2A1F3-C737-4BEE-97CF-8572B07DBD48}.Release|Any CPU.ActiveCfg = Release|Any CPU
		{73F2A1F3-C737-4BEE-97CF-8572B07DBD48}.Release|Any CPU.Build.0 = Release|Any CPU
		{BD61D02D-A623-4A8A-BDF9-79CEE198C483}.Debug|Any CPU.ActiveCfg = Debug|Any CPU
		{BD61D02D-A623-4A8A-BDF9-79CEE198C483}.Debug|Any CPU.Build.0 = Debug|Any CPU
		{BD61D02D-A623-4A8A-BDF9-79CEE198C483}.Release|Any CPU.ActiveCfg = Release|Any CPU
		{BD61D02D-A623-4A8A-BDF9-79CEE198C483}.Release|Any CPU.Build.0 = Release|Any CPU
		{205802EE-70B5-4175-B4FE-180B8C366894}.Debug|Any CPU.ActiveCfg = Debug|Any CPU
		{205802EE-70B5-4175-B4FE-180B8C366894}.Debug|Any CPU.Build.0 = Debug|Any CPU
		{205802EE-70B5-4175-B4FE-180B8C366894}.Release|Any CPU.ActiveCfg = Release|Any CPU
		{205802EE-70B5-4175-B4FE-180B8C366894}.Release|Any CPU.Build.0 = Release|Any CPU
		{6F3DA993-C34E-4C7E-AB06-6509AFF1BB9C}.Debug|Any CPU.ActiveCfg = Debug|Any CPU
		{6F3DA993-C34E-4C7E-AB06-6509AFF1BB9C}.Debug|Any CPU.Build.0 = Debug|Any CPU
		{6F3DA993-C34E-4C7E-AB06-6509AFF1BB9C}.Release|Any CPU.ActiveCfg = Release|Any CPU
		{6F3DA993-C34E-4C7E-AB06-6509AFF1BB9C}.Release|Any CPU.Build.0 = Release|Any CPU
	EndGlobalSection
EndGlobal
